
Microsoft Visual Studio Solution File, Format Version 12.00
# Visual Studio 15
VisualStudioVersion = 15.0.27004.2005
MinimumVisualStudioVersion = 10.0.40219.1
Project("{8BC9CEB8-8B4A-11D0-8D11-00A0C91BC942}") = "MyWinDraw", "MyWinDraw\MyWinDraw.vcxproj", "{2A6FB2B7-B4B0-4FB8-A6B2-B833D7C4E93D}"
EndProject
Project("{8BC9CEB8-8B4A-11D0-8D11-00A0C91BC942}") = "Read", "Read\Read.vcxproj", "{B67D32C3-7977-4F5F-9F3F-8D8816E92D55}"
EndProject
Project("{8BC9CEB8-8B4A-11D0-8D11-00A0C91BC942}") = "libDraw", "libDraw\libDraw.vcxproj", "{459FB8B1-57F6-412B-B02E-8567BACC8B92}"
EndProject
Global
	GlobalSection(SolutionConfigurationPlatforms) = preSolution
		Debug|Win32 = Debug|Win32
		Release|Win32 = Release|Win32
	EndGlobalSection
	GlobalSection(ProjectConfigurationPlatforms) = postSolution
		{2A6FB2B7-B4B0-4FB8-A6B2-B833D7C4E93D}.Debug|Win32.ActiveCfg = Debug|Win32
		{2A6FB2B7-B4B0-4FB8-A6B2-B833D7C4E93D}.Debug|Win32.Build.0 = Debug|Win32
		{2A6FB2B7-B4B0-4FB8-A6B2-B833D7C4E93D}.Release|Win32.ActiveCfg = Release|Win32
		{2A6FB2B7-B4B0-4FB8-A6B2-B833D7C4E93D}.Release|Win32.Build.0 = Release|Win32
		{B67D32C3-7977-4F5F-9F3F-8D8816E92D55}.Debug|Win32.ActiveCfg = Debug|Win32
		{B67D32C3-7977-4F5F-9F3F-8D8816E92D55}.Debug|Win32.Build.0 = Debug|Win32
		{B67D32C3-7977-4F5F-9F3F-8D8816E92D55}.Release|Win32.ActiveCfg = Release|Win32
		{B67D32C3-7977-4F5F-9F3F-8D8816E92D55}.Release|Win32.Build.0 = Release|Win32
		{459FB8B1-57F6-412B-B02E-8567BACC8B92}.Debug|Win32.ActiveCfg = Debug|Win32
		{459FB8B1-57F6-412B-B02E-8567BACC8B92}.Debug|Win32.Build.0 = Debug|Win32
		{459FB8B1-57F6-412B-B02E-8567BACC8B92}.Release|Win32.ActiveCfg = Release|Win32
		{459FB8B1-57F6-412B-B02E-8567BACC8B92}.Release|Win32.Build.0 = Release|Win32
	EndGlobalSection
	GlobalSection(SolutionProperties) = preSolution
		HideSolutionNode = FALSE
	EndGlobalSection
	GlobalSection(ExtensibilityGlobals) = postSolution
		SolutionGuid = {33850C1C-36B8-4891-8C9A-573101470C44}
	EndGlobalSection
EndGlobal
